PODS:
  - client_information (1.0.0):
    - Flutter
    - SAMKeychain
  - Flutter (1.0.0)
  - integration_test (0.0.1):
    - Flutter
  - SAMKeychain (1.5.3)

DEPENDENCIES:
  - client_information (from `.symlinks/plugins/client_information/ios`)
  - Flutter (from `Flutter`)
  - integration_test (from `.symlinks/plugins/integration_test/ios`)

SPEC REPOS:
  trunk:
    - SAMKeychain

EXTERNAL SOURCES:
  client_information:
    :path: ".symlinks/plugins/client_information/ios"
  Flutter:
    :path: Flutter
  integration_test:
    :path: ".symlinks/plugins/integration_test/ios"

SPEC CHECKSUMS:
  client_information: cd2088b683015ea782082d6562d17e0320ae7097
  Flutter: 434fef37c0980e73bb6479ef766c45957d4b510c
  integration_test: 6eb66a19f7104200dcfdd62bc0077e1b09686e4f
  SAMKeychain: 483e1c9f32984d50ca961e26818a534283b4cd5c

PODFILE CHECKSUM: aafe91acc616949ddb318b77800a7f51bffa2a4c

COCOAPODS: 1.10.1
