PODS:
  - client_information (1.0.0):
    - Flutter
    - SAMKeychain
  - Flutter (1.0.0)
  - SAMKeychain (1.5.3)

DEPENDENCIES:
  - client_information (from `.symlinks/plugins/client_information/ios`)
  - Flutter (from `Flutter`)

SPEC REPOS:
  trunk:
    - SAMKeychain

EXTERNAL SOURCES:
  client_information:
    :path: ".symlinks/plugins/client_information/ios"
  Flutter:
    :path: Flutter

SPEC CHECKSUMS:
  client_information: cd2088b683015ea782082d6562d17e0320ae7097
  Flutter: e0871f40cf51350855a761d2e70bf5af5b9b5de7
  SAMKeychain: 483e1c9f32984d50ca961e26818a534283b4cd5c

PODFILE CHECKSUM: 4305caec6b40dde0ae97be1573c53de1882a07e5

COCOAPODS: 1.16.2
